{
  "requires": true,
  "lockfileVersion": 1,
  "dependencies": {
    "@babel/runtime": {
      "version": "7.6.3",
      "resolved": "https://registry.npmjs.org/@babel/runtime/-/runtime-7.6.3.tgz",
      "integrity": "sha512-kq6anf9JGjW8Nt5rYfEuGRaEAaH1mkv3Bbu6rYvLOpPh/RusSJXuKPEAoZ7L7gybZkchE8+NV5g9vKF4AGAtsA==",
      "requires": {
        "regenerator-runtime": "^0.13.2"
      }
    },
    "d3-array": {
      "version": "1.2.4",
      "resolved": "https://registry.npmjs.org/d3-array/-/d3-array-1.2.4.tgz",
      "integrity": "sha512-KHW6M86R+FUPYGb3R5XiYjXPq7VzwxZ22buHhAEVG5ztoEcZZMLov530mmccaqA1GghZArjQV46fuc8kUqhhHw=="
    },
    "d3-collection": {
      "version": "1.0.7",
      "resolved": "https://registry.npmjs.org/d3-collection/-/d3-collection-1.0.7.tgz",
      "integrity": "sha512-ii0/r5f4sjKNTfh84Di+DpztYwqKhEyUlKoPrzUFfeSkWxjW49xU2QzO9qrPrNkpdI0XJkfzvmTu8V2Zylln6A=="
    },
    "d3-color": {
      "version": "1.4.0",
      "resolved": "https://registry.npmjs.org/d3-color/-/d3-color-1.4.0.tgz",
      "integrity": "sha512-TzNPeJy2+iEepfiL92LAAB7fvnp/dV2YwANPVHdDWmYMm23qIJBYww3qT8I8C1wXrmrg4UWs7BKc2tKIgyjzHg=="
    },
    "d3-contour": {
      "version": "1.3.2",
      "resolved": "https://registry.npmjs.org/d3-contour/-/d3-contour-1.3.2.tgz",
      "integrity": "sha512-hoPp4K/rJCu0ladiH6zmJUEz6+u3lgR+GSm/QdM2BBvDraU39Vr7YdDCicJcxP1z8i9B/2dJLgDC1NcvlF8WCg==",
      "requires": {
        "d3-array": "^1.1.1"
      }
    },
    "d3-format": {
      "version": "1.4.1",
      "resolved": "https://registry.npmjs.org/d3-format/-/d3-format-1.4.1.tgz",
      "integrity": "sha512-TUswGe6hfguUX1CtKxyG2nymO+1lyThbkS1ifLX0Sr+dOQtAD5gkrffpHnx+yHNKUZ0Bmg5T4AjUQwugPDrm0g=="
    },
    "d3-geo": {
      "version": "1.11.6",
      "resolved": "https://registry.npmjs.org/d3-geo/-/d3-geo-1.11.6.tgz",
      "integrity": "sha512-z0J8InXR9e9wcgNtmVnPTj0TU8nhYT6lD/ak9may2PdKqXIeHUr8UbFLoCtrPYNsjv6YaLvSDQVl578k6nm7GA==",
      "requires": {
        "d3-array": "1"
      }
    },
    "d3-hexbin": {
      "version": "0.2.2",
      "resolved": "https://registry.npmjs.org/d3-hexbin/-/d3-hexbin-0.2.2.tgz",
      "integrity": "sha1-nFg32s/UcasFM3qeke8Qv8T5iDE="
    },
    "d3-hierarchy": {
      "version": "1.1.8",
      "resolved": "https://registry.npmjs.org/d3-hierarchy/-/d3-hierarchy-1.1.8.tgz",
      "integrity": "sha512-L+GHMSZNwTpiq4rt9GEsNcpLa4M96lXMR8M/nMG9p5hBE0jy6C+3hWtyZMenPQdwla249iJy7Nx0uKt3n+u9+w=="
    },
    "d3-interpolate": {
      "version": "1.3.2",
      "resolved": "https://registry.npmjs.org/d3-interpolate/-/d3-interpolate-1.3.2.tgz",
      "integrity": "sha512-NlNKGopqaz9qM1PXh9gBF1KSCVh+jSFErrSlD/4hybwoNX/gt1d8CDbDW+3i+5UOHhjC6s6nMvRxcuoMVNgL2w==",
      "requires": {
        "d3-color": "1"
      }
    },
    "d3-path": {
      "version": "1.0.8",
      "resolved": "https://registry.npmjs.org/d3-path/-/d3-path-1.0.8.tgz",
      "integrity": "sha512-J6EfUNwcMQ+aM5YPOB8ZbgAZu6wc82f/0WFxrxwV6Ll8wBwLaHLKCqQ5Imub02JriCVVdPjgI+6P3a4EWJCxAg=="
    },
    "d3-sankey": {
      "version": "0.7.1",
      "resolved": "https://registry.npmjs.org/d3-sankey/-/d3-sankey-0.7.1.tgz",
      "integrity": "sha1-0imDImj8aaf+yEgD6WwiVqYUxSE=",
      "requires": {
        "d3-array": "1",
        "d3-collection": "1",
        "d3-shape": "^1.2.0"
      }
    },
    "d3-scale": {
      "version": "1.0.7",
      "resolved": "https://registry.npmjs.org/d3-scale/-/d3-scale-1.0.7.tgz",
      "integrity": "sha512-KvU92czp2/qse5tUfGms6Kjig0AhHOwkzXG0+PqIJB3ke0WUv088AHMZI0OssO9NCkXt4RP8yju9rpH8aGB7Lw==",
      "requires": {
        "d3-array": "^1.2.0",
        "d3-collection": "1",
        "d3-color": "1",
        "d3-format": "1",
        "d3-interpolate": "1",
        "d3-time": "1",
        "d3-time-format": "2"
      }
    },
    "d3-shape": {
      "version": "1.3.5",
      "resolved": "https://registry.npmjs.org/d3-shape/-/d3-shape-1.3.5.tgz",
      "integrity": "sha512-VKazVR3phgD+MUCldapHD7P9kcrvPcexeX/PkMJmkUov4JM8IxsSg1DvbYoYich9AtdTsa5nNk2++ImPiDiSxg==",
      "requires": {
        "d3-path": "1"
      }
    },
    "d3-time": {
      "version": "1.1.0",
      "resolved": "https://registry.npmjs.org/d3-time/-/d3-time-1.1.0.tgz",
      "integrity": "sha512-Xh0isrZ5rPYYdqhAVk8VLnMEidhz5aP7htAADH6MfzgmmicPkTo8LhkLxci61/lCB7n7UmE3bN0leRt+qvkLxA=="
    },
    "d3-time-format": {
      "version": "2.1.3",
      "resolved": "https://registry.npmjs.org/d3-time-format/-/d3-time-format-2.1.3.tgz",
      "integrity": "sha512-6k0a2rZryzGm5Ihx+aFMuO1GgelgIz+7HhB4PH4OEndD5q2zGn1mDfRdNrulspOfR6JXkb2sThhDK41CSK85QA==",
      "requires": {
        "d3-time": "1"
      }
    },
    "d3-voronoi": {
      "version": "1.1.4",
      "resolved": "https://registry.npmjs.org/d3-voronoi/-/d3-voronoi-1.1.4.tgz",
      "integrity": "sha512-dArJ32hchFsrQ8uMiTBLq256MpnZjeuBtdHpaDlYuQyjU0CVzCJl/BVW+SkszaAeH95D/8gxqAhgx0ouAWAfRg=="
    },
    "deep-equal": {
      "version": "1.1.0",
      "resolved": "https://registry.npmjs.org/deep-equal/-/deep-equal-1.1.0.tgz",
      "integrity": "sha512-ZbfWJq/wN1Z273o7mUSjILYqehAktR2NVoSrOukDkU9kg2v/Uv89yU4Cvz8seJeAmtN5oqiefKq8FPuXOboqLw==",
      "requires": {
        "is-arguments": "^1.0.4",
        "is-date-object": "^1.0.1",
        "is-regex": "^1.0.4",
        "object-is": "^1.0.1",
        "object-keys": "^1.1.1",
        "regexp.prototype.flags": "^1.2.0"
      }
    },
    "define-properties": {
      "version": "1.1.3",
      "resolved": "https://registry.npmjs.org/define-properties/-/define-properties-1.1.3.tgz",
      "integrity": "sha512-3MqfYKj2lLzdMSf8ZIZE/V+Zuy+BgD6f164e8K2w7dgnpKArBDerGYpM46IYYcjnkdPNMjPk9A6VFB8+3SKlXQ==",
      "requires": {
        "object-keys": "^1.0.12"
      }
    },
    "dom-walk": {
      "version": "0.1.1",
      "resolved": "https://registry.npmjs.org/dom-walk/-/dom-walk-0.1.1.tgz",
      "integrity": "sha1-ZyIm3HTI95mtNTB9+TaroRrNYBg="
    },
    "function-bind": {
      "version": "1.1.1",
      "resolved": "https://registry.npmjs.org/function-bind/-/function-bind-1.1.1.tgz",
      "integrity": "sha512-yIovAzMX49sF8Yl58fSCWJ5svSLuaibPxXQJFLmBObTuCr0Mf1KiPopGM9NiFjiYBCbfaa2Fh6breQ6ANVTI0A=="
    },
    "global": {
      "version": "4.4.0",
      "resolved": "https://registry.npmjs.org/global/-/global-4.4.0.tgz",
      "integrity": "sha512-wv/LAoHdRE3BeTGz53FAamhGlPLhlssK45usmGFThIi4XqnBmjKQ16u+RNbP7WvigRZDxUsM0J3gcQ5yicaL0w==",
      "requires": {
        "min-document": "^2.19.0",
        "process": "^0.11.10"
      }
    },
    "gud": {
      "version": "1.0.0",
      "resolved": "https://registry.npmjs.org/gud/-/gud-1.0.0.tgz",
      "integrity": "sha512-zGEOVKFM5sVPPrYs7J5/hYEw2Pof8KCyOwyhG8sAF26mCAeUFAcYPu1mwB7hhpIP29zOIBaDqwuHdLp0jvZXjw=="
    },
    "has": {
      "version": "1.0.3",
      "resolved": "https://registry.npmjs.org/has/-/has-1.0.3.tgz",
      "integrity": "sha512-f2dvO0VU6Oej7RkWJGrehjbzMAjFp5/VKPp5tTpWIV4JHHZK1/BxbFRtf/siA2SWTe09caDmVtYYzWEIbBS4zw==",
      "requires": {
        "function-bind": "^1.1.1"
      }
    },
    "history": {
      "version": "4.10.1",
      "resolved": "https://registry.npmjs.org/history/-/history-4.10.1.tgz",
      "integrity": "sha512-36nwAD620w12kuzPAsyINPWJqlNbij+hpK1k9XRloDtym8mxzGYl2c17LnV6IAGB2Dmg4tEa7G7DlawS0+qjew==",
      "requires": {
        "@babel/runtime": "^7.1.2",
        "loose-envify": "^1.2.0",
        "resolve-pathname": "^3.0.0",
        "tiny-invariant": "^1.0.2",
        "tiny-warning": "^1.0.0",
        "value-equal": "^1.0.1"
      }
    },
    "hoek": {
      "version": "4.2.1",
      "resolved": "https://registry.npmjs.org/hoek/-/hoek-4.2.1.tgz",
      "integrity": "sha512-QLg82fGkfnJ/4iy1xZ81/9SIJiq1NGFUMGs6ParyjBZr6jW2Ufj/snDqTHixNlHdPNwN2RLVD0Pi3igeK9+JfA=="
    },
    "hoist-non-react-statics": {
      "version": "3.3.0",
      "resolved": "https://registry.npmjs.org/hoist-non-react-statics/-/hoist-non-react-statics-3.3.0.tgz",
      "integrity": "sha512-0XsbTXxgiaCDYDIWFcwkmerZPSwywfUqYmwT4jzewKTQSWoE6FCMoUVOeBJWK3E/CrWbxRG3m5GzY4lnIwGRBA==",
      "requires": {
        "react-is": "^16.7.0"
      }
    },
    "is-arguments": {
      "version": "1.0.4",
      "resolved": "https://registry.npmjs.org/is-arguments/-/is-arguments-1.0.4.tgz",
      "integrity": "sha512-xPh0Rmt8NE65sNzvyUmWgI1tz3mKq74lGA0mL8LYZcoIzKOzDh6HmrYm3d18k60nHerC8A9Km8kYu87zfSFnLA=="
    },
    "is-date-object": {
      "version": "1.0.1",
      "resolved": "https://registry.npmjs.org/is-date-object/-/is-date-object-1.0.1.tgz",
      "integrity": "sha1-mqIOtq7rv/d/vTPnTKAbM1gdOhY="
    },
    "is-regex": {
      "version": "1.0.4",
      "resolved": "https://registry.npmjs.org/is-regex/-/is-regex-1.0.4.tgz",
      "integrity": "sha1-VRdIm1RwkbCTDglWVM7SXul+lJE=",
      "requires": {
        "has": "^1.0.1"
      }
    },
    "isarray": {
      "version": "0.0.1",
      "resolved": "https://registry.npmjs.org/isarray/-/isarray-0.0.1.tgz",
      "integrity": "sha1-ihis/Kmo9Bd+Cav8YDiTmwXR7t8="
    },
    "js-tokens": {
      "version": "4.0.0",
      "resolved": "https://registry.npmjs.org/js-tokens/-/js-tokens-4.0.0.tgz",
      "integrity": "sha512-RdJUflcE3cUzKiMqQgsCu06FPu9UdIJO0beYbPhHN4k6apgJtifcoCtT9bcxOpYBtpD2kCM6Sbzg4CausW/PKQ=="
    },
    "loose-envify": {
      "version": "1.4.0",
      "resolved": "https://registry.npmjs.org/loose-envify/-/loose-envify-1.4.0.tgz",
      "integrity": "sha512-lyuxPGr/Wfhrlem2CL/UcnUc1zcqKAImBDzukY7Y5F/yQiNdko6+fRLevlw1HgMySw7f611UIY408EtxRSoK3Q==",
      "requires": {
        "js-tokens": "^3.0.0 || ^4.0.0"
      }
    },
    "min-document": {
      "version": "2.19.0",
      "resolved": "https://registry.npmjs.org/min-document/-/min-document-2.19.0.tgz",
      "integrity": "sha1-e9KC4/WELtKVu3SM3Z8f+iyCRoU=",
      "requires": {
        "dom-walk": "^0.1.0"
      }
    },
    "mini-create-react-context": {
      "version": "0.3.2",
      "resolved": "https://registry.npmjs.org/mini-create-react-context/-/mini-create-react-context-0.3.2.tgz",
      "integrity": "sha512-2v+OeetEyliMt5VHMXsBhABoJ0/M4RCe7fatd/fBy6SMiKazUSEt3gxxypfnk2SHMkdBYvorHRoQxuGoiwbzAw==",
      "requires": {
        "@babel/runtime": "^7.4.0",
        "gud": "^1.0.0",
        "tiny-warning": "^1.0.2"
      }
    },
    "object-assign": {
      "version": "4.1.1",
      "resolved": "https://registry.npmjs.org/object-assign/-/object-assign-4.1.1.tgz",
      "integrity": "sha1-IQmtx5ZYh8/AXLvUQsrIv7s2CGM="
    },
    "object-is": {
      "version": "1.0.1",
      "resolved": "https://registry.npmjs.org/object-is/-/object-is-1.0.1.tgz",
      "integrity": "sha1-CqYOyZiaCz7Xlc9NBvYs8a1lObY="
    },
    "object-keys": {
      "version": "1.1.1",
      "resolved": "https://registry.npmjs.org/object-keys/-/object-keys-1.1.1.tgz",
      "integrity": "sha512-NuAESUOUMrlIXOfHKzD6bpPu3tYt3xvjNdRIQ+FeT0lNb4K8WR70CaDxhuNguS2XG+GjkyMwOzsN5ZktImfhLA=="
    },
    "path-to-regexp": {
      "version": "1.7.0",
      "resolved": "https://registry.npmjs.org/path-to-regexp/-/path-to-regexp-1.7.0.tgz",
      "integrity": "sha1-Wf3g9DW62suhA6hOnTvGTpa5k30=",
      "requires": {
        "isarray": "0.0.1"
      }
    },
    "performance-now": {
      "version": "0.2.0",
      "resolved": "https://registry.npmjs.org/performance-now/-/performance-now-0.2.0.tgz",
      "integrity": "sha1-M+8wxcd9TqIcWlOGnZG1bY8lVeU="
    },
    "process": {
      "version": "0.11.10",
      "resolved": "https://registry.npmjs.org/process/-/process-0.11.10.tgz",
      "integrity": "sha1-czIwDoQBYb2j5podHZGn1LwW8YI="
    },
    "prop-types": {
      "version": "15.7.2",
      "resolved": "https://registry.npmjs.org/prop-types/-/prop-types-15.7.2.tgz",
      "integrity": "sha512-8QQikdH7//R2vurIJSutZ1smHYTcLpRWEOlHnzcWHmBYrOGUysKwSsrC89BCiFj3CbrfJ/nXFdJepOVrY1GCHQ==",
      "requires": {
        "loose-envify": "^1.4.0",
        "object-assign": "^4.1.1",
        "react-is": "^16.8.1"
      }
    },
    "raf": {
      "version": "3.4.1",
      "resolved": "https://registry.npmjs.org/raf/-/raf-3.4.1.tgz",
      "integrity": "sha512-Sq4CW4QhwOHE8ucn6J34MqtZCeWFP2aQSmrlroYgqAV1PjStIhJXxYuTgUIfkEk7zTLjmIjLmU5q+fbD1NnOJA==",
      "requires": {
        "performance-now": "^2.1.0"
      },
      "dependencies": {
        "performance-now": {
          "version": "2.1.0",
          "resolved": "https://registry.npmjs.org/performance-now/-/performance-now-2.1.0.tgz",
          "integrity": "sha1-Ywn04OX6kT7BxpMHrjZLSzd8nns="
        }
      }
    },
    "react": {
      "version": "16.10.2",
      "resolved": "https://registry.npmjs.org/react/-/react-16.10.2.tgz",
      "integrity": "sha512-MFVIq0DpIhrHFyqLU0S3+4dIcBhhOvBE8bJ/5kHPVOVaGdo0KuiQzpcjCPsf585WvhypqtrMILyoE2th6dT+Lw==",
      "requires": {
        "loose-envify": "^1.1.0",
        "object-assign": "^4.1.1",
        "prop-types": "^15.6.2"
      }
    },
    "react-dom": {
      "version": "16.10.2",
      "resolved": "https://registry.npmjs.org/react-dom/-/react-dom-16.10.2.tgz",
      "integrity": "sha512-kWGDcH3ItJK4+6Pl9DZB16BXYAZyrYQItU4OMy0jAkv5aNqc+mAKb4TpFtAteI6TJZu+9ZlNhaeNQSVQDHJzkw==",
      "requires": {
        "loose-envify": "^1.1.0",
        "object-assign": "^4.1.1",
        "prop-types": "^15.6.2",
        "scheduler": "^0.16.2"
      }
    },
    "react-is": {
      "version": "16.10.2",
      "resolved": "https://registry.npmjs.org/react-is/-/react-is-16.10.2.tgz",
      "integrity": "sha512-INBT1QEgtcCCgvccr5/86CfD71fw9EPmDxgiJX4I2Ddr6ZsV6iFXsuby+qWJPtmNuMY0zByTsG4468P7nHuNWA=="
    },
    "react-meter-bar": {
      "version": "1.0.2",
      "resolved": "https://registry.npmjs.org/react-meter-bar/-/react-meter-bar-1.0.2.tgz",
      "integrity": "sha512-DwWPeQpw8C9JnS/UW4VzMaTrfLAl+vHpdnHLGgMpXWrboW42KArhKCRjtPb9ErMmAL20IC2iB7C9gho8p1JyxA==",
      "requires": {
        "react": "^16.4.0",
        "react-dom": "^16.4.0"
      }
    },
    "react-motion": {
      "version": "0.5.2",
      "resolved": "https://registry.npmjs.org/react-motion/-/react-motion-0.5.2.tgz",
      "integrity": "sha512-9q3YAvHoUiWlP3cK0v+w1N5Z23HXMj4IF4YuvjvWegWqNPfLXsOBE/V7UvQGpXxHFKRQQcNcVQE31g9SB/6qgQ==",
      "requires": {
        "performance-now": "^0.2.0",
        "prop-types": "^15.5.8",
        "raf": "^3.1.0"
      }
    },
    "react-router": {
      "version": "5.1.2",
      "resolved": "https://registry.npmjs.org/react-router/-/react-router-5.1.2.tgz",
      "integrity": "sha512-yjEuMFy1ONK246B+rsa0cUam5OeAQ8pyclRDgpxuSCrAlJ1qN9uZ5IgyKC7gQg0w8OM50NXHEegPh/ks9YuR2A==",
      "requires": {
        "@babel/runtime": "^7.1.2",
        "history": "^4.9.0",
        "hoist-non-react-statics": "^3.1.0",
        "loose-envify": "^1.3.1",
        "mini-create-react-context": "^0.3.0",
        "path-to-regexp": "^1.7.0",
        "prop-types": "^15.6.2",
        "react-is": "^16.6.0",
        "tiny-invariant": "^1.0.2",
        "tiny-warning": "^1.0.0"
      }
    },
    "react-router-dom": {
      "version": "5.1.2",
      "resolved": "https://registry.npmjs.org/react-router-dom/-/react-router-dom-5.1.2.tgz",
      "integrity": "sha512-7BPHAaIwWpZS074UKaw1FjVdZBSVWEk8IuDXdB+OkLb8vd/WRQIpA4ag9WQk61aEfQs47wHyjWUoUGGZxpQXew==",
      "requires": {
        "@babel/runtime": "^7.1.2",
        "history": "^4.9.0",
        "loose-envify": "^1.3.1",
        "prop-types": "^15.6.2",
        "react-router": "5.1.2",
        "tiny-invariant": "^1.0.2",
        "tiny-warning": "^1.0.0"
      }
    },
    "react-vis": {
      "version": "1.11.7",
      "resolved": "https://registry.npmjs.org/react-vis/-/react-vis-1.11.7.tgz",
      "integrity": "sha512-vJqS12l/6RHeSq8DVl4PzX0j8iPgbT8H8PtgTRsimKsBNcPjPseO4RICw1FUPrwj8MPrrna34LBtzyC4ATd5Ow==",
      "requires": {
        "d3-array": "^1.2.0",
        "d3-collection": "^1.0.3",
        "d3-color": "^1.0.3",
        "d3-contour": "^1.1.0",
        "d3-format": "^1.2.0",
        "d3-geo": "^1.6.4",
        "d3-hexbin": "^0.2.2",
        "d3-hierarchy": "^1.1.4",
        "d3-interpolate": "^1.1.4",
        "d3-sankey": "^0.7.1",
        "d3-scale": "^1.0.5",
        "d3-shape": "^1.1.0",
        "d3-voronoi": "^1.1.2",
        "deep-equal": "^1.0.1",
        "global": "^4.3.1",
        "hoek": "4.2.1",
        "prop-types": "^15.5.8",
        "react-motion": "^0.5.2"
      }
    },
    "regenerator-runtime": {
      "version": "0.13.3",
      "resolved": "https://registry.npmjs.org/regenerator-runtime/-/regenerator-runtime-0.13.3.tgz",
      "integrity": "sha512-naKIZz2GQ8JWh///G7L3X6LaQUAMp2lvb1rvwwsURe/VXwD6VMfr+/1NuNw3ag8v2kY1aQ/go5SNn79O9JU7yw=="
    },
    "regexp.prototype.flags": {
      "version": "1.2.0",
      "resolved": "https://registry.npmjs.org/regexp.prototype.flags/-/regexp.prototype.flags-1.2.0.tgz",
      "integrity": "sha512-ztaw4M1VqgMwl9HlPpOuiYgItcHlunW0He2fE6eNfT6E/CF2FtYi9ofOYe4mKntstYk0Fyh/rDRBdS3AnxjlrA==",
      "requires": {
        "define-properties": "^1.1.2"
      }
    },
    "resolve-pathname": {
      "version": "3.0.0",
      "resolved": "https://registry.npmjs.org/resolve-pathname/-/resolve-pathname-3.0.0.tgz",
      "integrity": "sha512-C7rARubxI8bXFNB/hqcp/4iUeIXJhJZvFPFPiSPRnhU5UPxzMFIl+2E6yY6c4k9giDJAhtV+enfA+G89N6Csng=="
    },
    "scheduler": {
      "version": "0.16.2",
      "resolved": "https://registry.npmjs.org/scheduler/-/scheduler-0.16.2.tgz",
      "integrity": "sha512-BqYVWqwz6s1wZMhjFvLfVR5WXP7ZY32M/wYPo04CcuPM7XZEbV2TBNW7Z0UkguPTl0dWMA59VbNXxK6q+pHItg==",
      "requires": {
        "loose-envify": "^1.1.0",
        "object-assign": "^4.1.1"
      }
    },
    "tiny-invariant": {
      "version": "1.0.6",
      "resolved": "https://registry.npmjs.org/tiny-invariant/-/tiny-invariant-1.0.6.tgz",
      "integrity": "sha512-FOyLWWVjG+aC0UqG76V53yAWdXfH8bO6FNmyZOuUrzDzK8DI3/JRY25UD7+g49JWM1LXwymsKERB+DzI0dTEQA=="
    },
    "tiny-warning": {
      "version": "1.0.3",
      "resolved": "https://registry.npmjs.org/tiny-warning/-/tiny-warning-1.0.3.tgz",
      "integrity": "sha512-lBN9zLN/oAf68o3zNXYrdCt1kP8WsiGW8Oo2ka41b2IM5JL/S1CTyX1rW0mb/zSuJun0ZUrDxx4sqvYS2FWzPA=="
    },
    "value-equal": {
      "version": "1.0.1",
      "resolved": "https://registry.npmjs.org/value-equal/-/value-equal-1.0.1.tgz",
      "integrity": "sha512-NOJ6JZCAWr0zlxZt+xqCHNTEKOsrks2HQd4MqhP1qy4z1SkbEP467eNx6TgDKXMvUOb+OENfJCZwM+16n7fRfw=="
    }
  }
}
